
Microsoft Visual Studio Solution File, Format Version 12.00
# Visual Studio Version 16
VisualStudioVersion = 16.0.30104.148
MinimumVisualStudioVersion = 10.0.40219.1
Project("{FAE04EC0-301F-11D3-BF4B-00C04F79EFBC}") = "ManagementSYS.Server", "Server\ManagementSYS.Server.csproj", "{6344841A-C581-4308-9021-732AF5ED9A41}"
EndProject
Project("{FAE04EC0-301F-11D3-BF4B-00C04F79EFBC}") = "ManagementSYS.Client", "Client\ManagementSYS.Client.csproj", "{C320B3C6-4235-4A7B-A31D-C2E09860B959}"
EndProject
Project("{FAE04EC0-301F-11D3-BF4B-00C04F79EFBC}") = "ManagementSYS.Shared", "Shared\ManagementSYS.Shared.csproj", "{DA126D15-79A0-4928-9D52-A1E3AA648958}"
EndProject
Global
	GlobalSection(SolutionConfigurationPlatforms) = preSolution
		Debug|Any CPU = Debug|Any CPU
		Release|Any CPU = Release|Any CPU
	EndGlobalSection
	GlobalSection(ProjectConfigurationPlatforms) = postSolution
		{6344841A-C581-4308-9021-732AF5ED9A41}.Debug|Any CPU.ActiveCfg = Debug|Any CPU
		{6344841A-C581-4308-9021-732AF5ED9A41}.Debug|Any CPU.Build.0 = Debug|Any CPU
		{6344841A-C581-4308-9021-732AF5ED9A41}.Release|Any CPU.ActiveCfg = Release|Any CPU
		{6344841A-C581-4308-9021-732AF5ED9A41}.Release|Any CPU.Build.0 = Release|Any CPU
		{C320B3C6-4235-4A7B-A31D-C2E09860B959}.Debug|Any CPU.ActiveCfg = Debug|Any CPU
		{C320B3C6-4235-4A7B-A31D-C2E09860B959}.Debug|Any CPU.Build.0 = Debug|Any CPU
		{C320B3C6-4235-4A7B-A31D-C2E09860B959}.Release|Any CPU.ActiveCfg = Release|Any CPU
		{C320B3C6-4235-4A7B-A31D-C2E09860B959}.Release|Any CPU.Build.0 = Release|Any CPU
		{DA126D15-79A0-4928-9D52-A1E3AA648958}.Debug|Any CPU.ActiveCfg = Debug|Any CPU
		{DA126D15-79A0-4928-9D52-A1E3AA648958}.Debug|Any CPU.Build.0 = Debug|Any CPU
		{DA126D15-79A0-4928-9D52-A1E3AA648958}.Release|Any CPU.ActiveCfg = Release|Any CPU
		{DA126D15-79A0-4928-9D52-A1E3AA648958}.Release|Any CPU.Build.0 = Release|Any CPU
	EndGlobalSection
	GlobalSection(SolutionProperties) = preSolution
		HideSolutionNode = FALSE
	EndGlobalSection
	GlobalSection(ExtensibilityGlobals) = postSolution
		SolutionGuid = {EF6D1E27-2C8A-4D12-B848-36872195F63E}
	EndGlobalSection
EndGlobal
